// !$*UTF8*$!
{
	archiveVersion = 1;
	classes = {
	};
	objectVersion = 46;
	objects = {

/* Begin PBXBuildFile section */
		0B751B101DBA564200A90CC6 /* AsyncBT.swift in Sources */ = {isa = PBXBuildFile; fileRef = 0B751B0A1DBA564200A90CC6 /* AsyncBT.swift */; };
		0B751B111DBA564200A90CC6 /* dotExport.swift in Sources */ = {isa = PBXBuildFile; fileRef = 0B751B0D1DBA564200A90CC6 /* dotExport.swift */; };
		0B751B121DBA564200A90CC6 /* main.swift in Sources */ = {isa = PBXBuildFile; fileRef = 0B751B0E1DBA564200A90CC6 /* main.swift */; };
		0B751B131DBA564200A90CC6 /* nodes.swift in Sources */ = {isa = PBXBuildFile; fileRef = 0B751B0F1DBA564200A90CC6 /* nodes.swift */; };
/* End PBXBuildFile section */

/* Begin PBXCopyFilesBuildPhase section */
		0B751AF41DBA55F300A90CC6 /* CopyFiles */ = {
			isa = PBXCopyFilesBuildPhase;
			buildActionMask = 2147483647;
			dstPath = /usr/share/man/man1/;
			dstSubfolderSpec = 0;
			files = (
			);
			runOnlyForDeploymentPostprocessing = 1;
		};
/* End PBXCopyFilesBuildPhase section */

/* Begin PBXFileReference section */
		0B751AF61DBA55F300A90CC6 /* Hello_IT_Swift */ = {isa = PBXFileReference; explicitFileType = "compiled.mach-o.executable"; includeInIndex = 0; path = Hello_IT_Swift; sourceTree = BUILT_PRODUCTS_DIR; };
		0B751B0A1DBA564200A90CC6 /* AsyncBT.swift */ = {isa = PBXFileReference; fileEncoding = 4; lastKnownFileType = sourcecode.swift; path = AsyncBT.swift; sourceTree = "<group>"; };
		0B751B0B1DBA564200A90CC6 /* bt.dot */ = {isa = PBXFileReference; fileEncoding = 4; lastKnownFileType = text; path = bt.dot; sourceTree = "<group>"; };
		0B751B0C1DBA564200A90CC6 /* bt.jpeg */ = {isa = PBXFileReference; lastKnownFileType = image.jpeg; path = bt.jpeg; sourceTree = "<group>"; };
		0B751B0D1DBA564200A90CC6 /* dotExport.swift */ = {isa = PBXFileReference; fileEncoding = 4; lastKnownFileType = sourcecode.swift; path = dotExport.swift; sourceTree = "<group>"; };
		0B751B0E1DBA564200A90CC6 /* main.swift */ = {isa = PBXFileReference; fileEncoding = 4; lastKnownFileType = sourcecode.swift; path = main.swift; sourceTree = "<group>"; };
		0B751B0F1DBA564200A90CC6 /* nodes.swift */ = {isa = PBXFileReference; fileEncoding = 4; lastKnownFileType = sourcecode.swift; path = nodes.swift; sourceTree = "<group>"; };
/* End PBXFileReference section */

/* Begin PBXFrameworksBuildPhase section */
		0B751AF31DBA55F300A90CC6 /* Frameworks */ = {
			isa = PBXFrameworksBuildPhase;
			buildActionMask = 2147483647;
			files = (
			);
			runOnlyForDeploymentPostprocessing = 0;
		};
/* End PBXFrameworksBuildPhase section */

/* Begin PBXGroup section */
		0B751AED1DBA55F300A90CC6 = {
			isa = PBXGroup;
			children = (
				0B751AF81DBA55F300A90CC6 /* Hello_IT_Swift */,
				0B751AF71DBA55F300A90CC6 /* Products */,
			);
			sourceTree = "<group>";
		};
		0B751AF71DBA55F300A90CC6 /* Products */ = {
			isa = PBXGroup;
			children = (
				0B751AF61DBA55F300A90CC6 /* Hello_IT_Swift */,
			);
			name = Products;
			sourceTree = "<group>";
		};
		0B751AF81DBA55F300A90CC6 /* Hello_IT_Swift */ = {
			isa = PBXGroup;
			children = (
				0B751B0A1DBA564200A90CC6 /* AsyncBT.swift */,
				0B751B0B1DBA564200A90CC6 /* bt.dot */,
				0B751B0C1DBA564200A90CC6 /* bt.jpeg */,
				0B751B0D1DBA564200A90CC6 /* dotExport.swift */,
				0B751B0E1DBA564200A90CC6 /* main.swift */,
				0B751B0F1DBA564200A90CC6 /* nodes.swift */,
			);
			path = Hello_IT_Swift;
			sourceTree = "<group>";
		};
/* End PBXGroup section */

/* Begin PBXNativeTarget section */
		0B751AF51DBA55F300A90CC6 /* Hello_IT_Swift */ = {
			isa = PBXNativeTarget;
			buildConfigurationList = 0B751AFD1DBA55F300A90CC6 /* Build configuration list for PBXNativeTarget "Hello_IT_Swift" */;
			buildPhases = (
				0B751AF21DBA55F300A90CC6 /* Sources */,
				0B751AF31DBA55F300A90CC6 /* Frameworks */,
				0B751AF41DBA55F300A90CC6 /* CopyFiles */,
			);
			buildRules = (
			);
			dependencies = (
			);
			name = Hello_IT_Swift;
			productName = Hello_IT_Swift;
			productReference = 0B751AF61DBA55F300A90CC6 /* Hello_IT_Swift */;
			productType = "com.apple.product-type.tool";
		};
/* End PBXNativeTarget section */

/* Begin PBXProject section */
		0B751AEE1DBA55F300A90CC6 /* Project object */ = {
			isa = PBXProject;
			attributes = {
				LastSwiftUpdateCheck = 0800;
				LastUpgradeCheck = 0800;
				ORGANIZATIONNAME = "Maxim Zaks";
				TargetAttributes = {
					0B751AF51DBA55F300A90CC6 = {
						CreatedOnToolsVersion = 8.0;
						DevelopmentTeam = TK59L26FS4;
						LastSwiftMigration = 0800;
						ProvisioningStyle = Automatic;
					};
				};
			};
			buildConfigurationList = 0B751AF11DBA55F300A90CC6 /* Build configuration list for PBXProject "Hello_IT_Swift" */;
			compatibilityVersion = "Xcode 3.2";
			developmentRegion = English;
			hasScannedForEncodings = 0;
			knownRegions = (
				en,
			);
			mainGroup = 0B751AED1DBA55F300A90CC6;
			productRefGroup = 0B751AF71DBA55F300A90CC6 /* Products */;
			projectDirPath = "";
			projectRoot = "";
			targets = (
				0B751AF51DBA55F300A90CC6 /* Hello_IT_Swift */,
			);
		};
/* End PBXProject section */

/* Begin PBXSourcesBuildPhase section */
		0B751AF21DBA55F300A90CC6 /* Sources */ = {
			isa = PBXSourcesBuildPhase;
			buildActionMask = 2147483647;
			files = (
				0B751B101DBA564200A90CC6 /* AsyncBT.swift in Sources */,
				0B751B111DBA564200A90CC6 /* dotExport.swift in Sources */,
				0B751B121DBA564200A90CC6 /* main.swift in Sources */,
				0B751B131DBA564200A90CC6 /* nodes.swift in Sources */,
			);
			runOnlyForDeploymentPostprocessing = 0;
		};
/* End PBXSourcesBuildPhase section */

/* Begin XCBuildConfiguration section */
		0B751AFB1DBA55F300A90CC6 /* Debug */ = {
			isa = XCBuildConfiguration;
			buildSettings = {
				ALWAYS_SEARCH_USER_PATHS = NO;
				CLANG_ANALYZER_NONNULL = YES;
				CLANG_CXX_LANGUAGE_STANDARD = "gnu++0x";
				CLANG_CXX_LIBRARY = "libc++";
				CLANG_ENABLE_MODULES = YES;
				CLANG_ENABLE_OBJC_ARC = YES;
				CLANG_WARN_BOOL_CONVERSION = YES;
				CLANG_WARN_CONSTANT_CONVERSION = YES;
				CLANG_WARN_DIRECT_OBJC_ISA_USAGE = YES_ERROR;
				CLANG_WARN_DOCUMENTATION_COMMENTS = YES;
				CLANG_WARN_EMPTY_BODY = YES;
				CLANG_WARN_ENUM_CONVERSION = YES;
				CLANG_WARN_INFINITE_RECURSION = YES;
				CLANG_WARN_INT_CONVERSION = YES;
				CLANG_WARN_OBJC_ROOT_CLASS = YES_ERROR;
				CLANG_WARN_SUSPICIOUS_MOVES = YES;
				CLANG_WARN_UNREACHABLE_CODE = YES;
				CLANG_WARN__DUPLICATE_METHOD_MATCH = YES;
				CODE_SIGN_IDENTITY = "-";
				COPY_PHASE_STRIP = NO;
				DEBUG_INFORMATION_FORMAT = dwarf;
				ENABLE_STRICT_OBJC_MSGSEND = YES;
				ENABLE_TESTABILITY = YES;
				GCC_C_LANGUAGE_STANDARD = gnu99;
				GCC_DYNAMIC_NO_PIC = NO;
				GCC_NO_COMMON_BLOCKS = YES;
				GCC_OPTIMIZATION_LEVEL = 0;
				GCC_PREPROCESSOR_DEFINITIONS = (
					"DEBUG=1",
					"$(inherited)",
				);
				GCC_WARN_64_TO_32_BIT_CONVERSION = YES;
				GCC_WARN_ABOUT_RETURN_TYPE = YES_ERROR;
				GCC_WARN_UNDECLARED_SELECTOR = YES;
				GCC_WARN_UNINITIALIZED_AUTOS = YES_AGGRESSIVE;
				GCC_WARN_UNUSED_FUNCTION = YES;
				GCC_WARN_UNUSED_VARIABLE = YES;
				MACOSX_DEPLOYMENT_TARGET = 10.11;
				MTL_ENABLE_DEBUG_INFO = YES;
				ONLY_ACTIVE_ARCH = YES;
				SDKROOT = macosx;
				SWIFT_OPTIMIZATION_LEVEL = "-Onone";
			};
			name = Debug;
		};
		0B751AFC1DBA55F300A90CC6 /* Release */ = {
			isa = XCBuildConfiguration;
			buildSettings = {
				ALWAYS_SEARCH_USER_PATHS = NO;
				CLANG_ANALYZER_NONNULL = YES;
				CLANG_CXX_LANGUAGE_STANDARD = "gnu++0x";
				CLANG_CXX_LIBRARY = "libc++";
				CLANG_ENABLE_MODULES = YES;
				CLANG_ENABLE_OBJC_ARC = YES;
				CLANG_WARN_BOOL_CONVERSION = YES;
				CLANG_WARN_CONSTANT_CONVERSION = YES;
				CLANG_WARN_DIRECT_OBJC_ISA_USAGE = YES_ERROR;
				CLANG_WARN_DOCUMENTATION_COMMENTS = YES;
				CLANG_WARN_EMPTY_BODY = YES;
				CLANG_WARN_ENUM_CONVERSION = YES;
				CLANG_WARN_INFINITE_RECURSION = YES;
				CLANG_WARN_INT_CONVERSION = YES;
				CLANG_WARN_OBJC_ROOT_CLASS = YES_ERROR;
				CLANG_WARN_SUSPICIOUS_MOVES = YES;
				CLANG_WARN_UNREACHABLE_CODE = YES;
				CLANG_WARN__DUPLICATE_METHOD_MATCH = YES;
				CODE_SIGN_IDENTITY = "-";
				COPY_PHASE_STRIP = NO;
				DEBUG_INFORMATION_FORMAT = "dwarf-with-dsym";
				ENABLE_NS_ASSERTIONS = NO;
				ENABLE_STRICT_OBJC_MSGSEND = YES;
				GCC_C_LANGUAGE_STANDARD = gnu99;
				GCC_NO_COMMON_BLOCKS = YES;
				GCC_WARN_64_TO_32_BIT_CONVERSION = YES;
				GCC_WARN_ABOUT_RETURN_TYPE = YES_ERROR;
				GCC_WARN_UNDECLARED_SELECTOR = YES;
				GCC_WARN_UNINITIALIZED_AUTOS = YES_AGGRESSIVE;
				GCC_WARN_UNUSED_FUNCTION = YES;
				GCC_WARN_UNUSED_VARIABLE = YES;
				MACOSX_DEPLOYMENT_TARGET = 10.11;
				MTL_ENABLE_DEBUG_INFO = NO;
				SDKROOT = macosx;
			};
			name = Release;
		};
		0B751AFE1DBA55F300A90CC6 /* Debug */ = {
			isa = XCBuildConfiguration;
			buildSettings = {
				CLANG_ENABLE_MODULES = YES;
				DEVELOPMENT_TEAM = TK59L26FS4;
				LD_RUNPATH_SEARCH_PATHS = "$(inherited) @executable_path/../Frameworks @loader_path/../Frameworks";
				PRODUCT_NAME = "$(TARGET_NAME)";
				SWIFT_OPTIMIZATION_LEVEL = "-Onone";
				SWIFT_VERSION = 3.0;
			};
			name = Debug;
		};
		0B751AFF1DBA55F300A90CC6 /* Release */ = {
			isa = XCBuildConfiguration;
			buildSettings = {
				CLANG_ENABLE_MODULES = YES;
				DEVELOPMENT_TEAM = TK59L26FS4;
				LD_RUNPATH_SEARCH_PATHS = "$(inherited) @executable_path/../Frameworks @loader_path/../Frameworks";
				PRODUCT_NAME = "$(TARGET_NAME)";
				SWIFT_VERSION = 3.0;
			};
			name = Release;
		};
/* End XCBuildConfiguration section */

/* Begin XCConfigurationList section */
		0B751AF11DBA55F300A90CC6 /* Build configuration list for PBXProject "Hello_IT_Swift" */ = {
			isa = XCConfigurationList;
			buildConfigurations = (
				0B751AFB1DBA55F300A90CC6 /* Debug */,
				0B751AFC1DBA55F300A90CC6 /* Release */,
			);
			defaultConfigurationIsVisible = 0;
			defaultConfigurationName = Release;
		};
		0B751AFD1DBA55F300A90CC6 /* Build configuration list for PBXNativeTarget "Hello_IT_Swift" */ = {
			isa = XCConfigurationList;
			buildConfigurations = (
				0B751AFE1DBA55F300A90CC6 /* Debug */,
				0B751AFF1DBA55F300A90CC6 /* Release */,
			);
			defaultConfigurationIsVisible = 0;
		};
/* End XCConfigurationList section */
	};
	rootObject = 0B751AEE1DBA55F300A90CC6 /* Project object */;
}
